
Microsoft Visual Studio Solution File, Format Version 12.00
# Visual Studio Version 16
VisualStudioVersion = 16.0.808.6
MinimumVisualStudioVersion = 10.0.40219.1
Project("{FAE04EC0-301F-11D3-BF4B-00C04F79EFBC}") = "WeatherForecast", "WeatherForecast\WeatherForecast.csproj", "{D10CF4AE-5108-43FA-9A3A-3D36AEB549B6}"
EndProject
Global
	GlobalSection(SolutionConfigurationPlatforms) = preSolution
		Debug|Any CPU = Debug|Any CPU
		Release|Any CPU = Release|Any CPU
	EndGlobalSection
	GlobalSection(ProjectConfigurationPlatforms) = postSolution
		{D10CF4AE-5108-43FA-9A3A-3D36AEB549B6}.Debug|Any CPU.ActiveCfg = Debug|Any CPU
		{D10CF4AE-5108-43FA-9A3A-3D36AEB549B6}.Debug|Any CPU.Build.0 = Debug|Any CPU
		{D10CF4AE-5108-43FA-9A3A-3D36AEB549B6}.Release|Any CPU.ActiveCfg = Release|Any CPU
		{D10CF4AE-5108-43FA-9A3A-3D36AEB549B6}.Release|Any CPU.Build.0 = Release|Any CPU
	EndGlobalSection
	GlobalSection(SolutionProperties) = preSolution
		HideSolutionNode = FALSE
	EndGlobalSection
	GlobalSection(ExtensibilityGlobals) = postSolution
		SolutionGuid = {AEC7F8AC-D094-419A-9EAE-6090D5D63809}
	EndGlobalSection
EndGlobal
